// !$*UTF8*$!
{
	archiveVersion = 1;
	classes = {
	};
	objectVersion = 77;
	objects = {

/* Begin PBXBuildFile section */
		7185565E2EB0CDCD00C1348A /* Presentation in Frameworks */ = {isa = PBXBuildFile; productRef = 7185565D2EB0CDCD00C1348A /* Presentation */; };
		718556612EB0CE1600C1348A /* Data in Frameworks */ = {isa = PBXBuildFile; productRef = 718556602EB0CE1600C1348A /* Data */; };
		718556642EB0CE5800C1348A /* Domain in Frameworks */ = {isa = PBXBuildFile; productRef = 718556632EB0CE5800C1348A /* Domain */; };
		718556672EB0CF2D00C1348A /* Shared in Frameworks */ = {isa = PBXBuildFile; productRef = 718556662EB0CF2D00C1348A /* Shared */; };
/* End PBXBuildFile section */

/* Begin PBXContainerItemProxy section */
		7113DAAD2EAA782F0082B17F /* PBXContainerItemProxy */ = {
			isa = PBXContainerItemProxy;
			containerPortal = 7113DA972EAA782D0082B17F /* Project object */;
			proxyType = 1;
			remoteGlobalIDString = 7113DA9E2EAA782D0082B17F;
			remoteInfo = KidsTrack;
		};
		7113DAB72EAA782F0082B17F /* PBXContainerItemProxy */ = {
			isa = PBXContainerItemProxy;
			containerPortal = 7113DA972EAA782D0082B17F /* Project object */;
			proxyType = 1;
			remoteGlobalIDString = 7113DA9E2EAA782D0082B17F;
			remoteInfo = KidsTrack;
		};
/* End PBXContainerItemProxy section */

/* Begin PBXFileReference section */
		7113DA9F2EAA782D0082B17F /* KidsTrack.app */ = {isa = PBXFileReference; explicitFileType = wrapper.application; includeInIndex = 0; path = KidsTrack.app; sourceTree = BUILT_PRODUCTS_DIR; };
		7113DAAC2EAA782F0082B17F /* KidsTrackTests.xctest */ = {isa = PBXFileReference; explicitFileType = wrapper.cfbundle; includeInIndex = 0; path = KidsTrackTests.xctest; sourceTree = BUILT_PRODUCTS_DIR; };
		7113DAB62EAA782F0082B17F /* KidsTrackUITests.xctest */ = {isa = PBXFileReference; explicitFileType = wrapper.cfbundle; includeInIndex = 0; path = KidsTrackUITests.xctest; sourceTree = BUILT_PRODUCTS_DIR; };
		7185565B2EB0CDA600C1348A /* Presentation */ = {isa = PBXFileReference; lastKnownFileType = wrapper; path = Presentation; sourceTree = "<group>"; };
		7185565F2EB0CE0400C1348A /* Data */ = {isa = PBXFileReference; lastKnownFileType = wrapper; path = Data; sourceTree = "<group>"; };
		718556622EB0CE4500C1348A /* Domain */ = {isa = PBXFileReference; lastKnownFileType = wrapper; path = Domain; sourceTree = "<group>"; };
		718556652EB0CF1A00C1348A /* Shared */ = {isa = PBXFileReference; lastKnownFileType = wrapper; path = Shared; sourceTree = "<group>"; };
/* End PBXFileReference section */

/* Begin PBXFileSystemSynchronizedBuildFileExceptionSet section */
		718556692EB0D10800C1348A /* Exceptions for "KidsTrack" folder in "KidsTrack" target */ = {
			isa = PBXFileSystemSynchronizedBuildFileExceptionSet;
			membershipExceptions = (
				Info.plist,
			);
			target = 7113DA9E2EAA782D0082B17F /* KidsTrack */;
		};
/* End PBXFileSystemSynchronizedBuildFileExceptionSet section */

/* Begin PBXFileSystemSynchronizedRootGroup section */
		7113DAA12EAA782D0082B17F /* KidsTrack */ = {
			isa = PBXFileSystemSynchronizedRootGroup;
			exceptions = (
				718556692EB0D10800C1348A /* Exceptions for "KidsTrack" folder in "KidsTrack" target */,
			);
			path = KidsTrack;
			sourceTree = "<group>";
		};
		7113DAAF2EAA782F0082B17F /* KidsTrackTests */ = {
			isa = PBXFileSystemSynchronizedRootGroup;
			path = KidsTrackTests;
			sourceTree = "<group>";
		};
		7113DAB92EAA782F0082B17F /* KidsTrackUITests */ = {
			isa = PBXFileSystemSynchronizedRootGroup;
			path = KidsTrackUITests;
			sourceTree = "<group>";
		};
/* End PBXFileSystemSynchronizedRootGroup section */

/* Begin PBXFrameworksBuildPhase section */
		7113DA9C2EAA782D0082B17F /* Frameworks */ = {
			isa = PBXFrameworksBuildPhase;
			buildActionMask = 2147483647;
			files = (
				718556642EB0CE5800C1348A /* Domain in Frameworks */,
				718556672EB0CF2D00C1348A /* Shared in Frameworks */,
				718556612EB0CE1600C1348A /* Data in Frameworks */,
				7185565E2EB0CDCD00C1348A /* Presentation in Frameworks */,
			);
			runOnlyForDeploymentPostprocessing = 0;
		};
		7113DAA92EAA782F0082B17F /* Frameworks */ = {
			isa = PBXFrameworksBuildPhase;
			buildActionMask = 2147483647;
			files = (
			);
			runOnlyForDeploymentPostprocessing = 0;
		};
		7113DAB32EAA782F0082B17F /* Frameworks */ = {
			isa = PBXFrameworksBuildPhase;
			buildActionMask = 2147483647;
			files = (
			);
			runOnlyForDeploymentPostprocessing = 0;
		};
/* End PBXFrameworksBuildPhase section */

/* Begin PBXGroup section */
		7113DA962EAA782D0082B17F = {
			isa = PBXGroup;
			children = (
				718556652EB0CF1A00C1348A /* Shared */,
				718556622EB0CE4500C1348A /* Domain */,
				7185565F2EB0CE0400C1348A /* Data */,
				7185565B2EB0CDA600C1348A /* Presentation */,
				7113DAA12EAA782D0082B17F /* KidsTrack */,
				7113DAAF2EAA782F0082B17F /* KidsTrackTests */,
				7113DAB92EAA782F0082B17F /* KidsTrackUITests */,
				7185565C2EB0CDCD00C1348A /* Frameworks */,
				7113DAA02EAA782D0082B17F /* Products */,
			);
			sourceTree = "<group>";
		};
		7113DAA02EAA782D0082B17F /* Products */ = {
			isa = PBXGroup;
			children = (
				7113DA9F2EAA782D0082B17F /* KidsTrack.app */,
				7113DAAC2EAA782F0082B17F /* KidsTrackTests.xctest */,
				7113DAB62EAA782F0082B17F /* KidsTrackUITests.xctest */,
			);
			name = Products;
			sourceTree = "<group>";
		};
		7185565C2EB0CDCD00C1348A /* Frameworks */ = {
			isa = PBXGroup;
			children = (
			);
			name = Frameworks;
			sourceTree = "<group>";
		};
/* End PBXGroup section */

/* Begin PBXNativeTarget section */
		7113DA9E2EAA782D0082B17F /* KidsTrack */ = {
			isa = PBXNativeTarget;
			buildConfigurationList = 7113DAC02EAA782F0082B17F /* Build configuration list for PBXNativeTarget "KidsTrack" */;
			buildPhases = (
				7113DA9B2EAA782D0082B17F /* Sources */,
				7113DA9C2EAA782D0082B17F /* Frameworks */,
				7113DA9D2EAA782D0082B17F /* Resources */,
			);
			buildRules = (
			);
			dependencies = (
			);
			fileSystemSynchronizedGroups = (
				7113DAA12EAA782D0082B17F /* KidsTrack */,
			);
			name = KidsTrack;
			packageProductDependencies = (
				7185565D2EB0CDCD00C1348A /* Presentation */,
				718556602EB0CE1600C1348A /* Data */,
				718556632EB0CE5800C1348A /* Domain */,
				718556662EB0CF2D00C1348A /* Shared */,
			);
			productName = KidsTrack;
			productReference = 7113DA9F2EAA782D0082B17F /* KidsTrack.app */;
			productType = "com.apple.product-type.application";
		};
		7113DAAB2EAA782F0082B17F /* KidsTrackTests */ = {
			isa = PBXNativeTarget;
			buildConfigurationList = 7113DAC32EAA782F0082B17F /* Build configuration list for PBXNativeTarget "KidsTrackTests" */;
			buildPhases = (
				7113DAA82EAA782F0082B17F /* Sources */,
				7113DAA92EAA782F0082B17F /* Frameworks */,
				7113DAAA2EAA782F0082B17F /* Resources */,
			);
			buildRules = (
			);
			dependencies = (
				7113DAAE2EAA782F0082B17F /* PBXTargetDependency */,
			);
			fileSystemSynchronizedGroups = (
				7113DAAF2EAA782F0082B17F /* KidsTrackTests */,
			);
			name = KidsTrackTests;
			packageProductDependencies = (
			);
			productName = KidsTrackTests;
			productReference = 7113DAAC2EAA782F0082B17F /* KidsTrackTests.xctest */;
			productType = "com.apple.product-type.bundle.unit-test";
		};
		7113DAB52EAA782F0082B17F /* KidsTrackUITests */ = {
			isa = PBXNativeTarget;
			buildConfigurationList = 7113DAC62EAA782F0082B17F /* Build configuration list for PBXNativeTarget "KidsTrackUITests" */;
			buildPhases = (
				7113DAB22EAA782F0082B17F /* Sources */,
				7113DAB32EAA782F0082B17F /* Frameworks */,
				7113DAB42EAA782F0082B17F /* Resources */,
			);
			buildRules = (
			);
			dependencies = (
				7113DAB82EAA782F0082B17F /* PBXTargetDependency */,
			);
			fileSystemSynchronizedGroups = (
				7113DAB92EAA782F0082B17F /* KidsTrackUITests */,
			);
			name = KidsTrackUITests;
			packageProductDependencies = (
			);
			productName = KidsTrackUITests;
			productReference = 7113DAB62EAA782F0082B17F /* KidsTrackUITests.xctest */;
			productType = "com.apple.product-type.bundle.ui-testing";
		};
/* End PBXNativeTarget section */

/* Begin PBXProject section */
		7113DA972EAA782D0082B17F /* Project object */ = {
			isa = PBXProject;
			attributes = {
				BuildIndependentTargetsInParallel = 1;
				LastSwiftUpdateCheck = 2600;
				LastUpgradeCheck = 2600;
				TargetAttributes = {
					7113DA9E2EAA782D0082B17F = {
						CreatedOnToolsVersion = 26.0.1;
					};
					7113DAAB2EAA782F0082B17F = {
						CreatedOnToolsVersion = 26.0.1;
						TestTargetID = 7113DA9E2EAA782D0082B17F;
					};
					7113DAB52EAA782F0082B17F = {
						CreatedOnToolsVersion = 26.0.1;
						TestTargetID = 7113DA9E2EAA782D0082B17F;
					};
				};
			};
			buildConfigurationList = 7113DA9A2EAA782D0082B17F /* Build configuration list for PBXProject "KidsTrack" */;
			developmentRegion = en;
			hasScannedForEncodings = 0;
			knownRegions = (
				en,
				Base,
			);
			mainGroup = 7113DA962EAA782D0082B17F;
			minimizedProjectReferenceProxies = 1;
			preferredProjectObjectVersion = 77;
			productRefGroup = 7113DAA02EAA782D0082B17F /* Products */;
			projectDirPath = "";
			projectRoot = "";
			targets = (
				7113DA9E2EAA782D0082B17F /* KidsTrack */,
				7113DAAB2EAA782F0082B17F /* KidsTrackTests */,
				7113DAB52EAA782F0082B17F /* KidsTrackUITests */,
			);
		};
/* End PBXProject section */

/* Begin PBXResourcesBuildPhase section */
		7113DA9D2EAA782D0082B17F /* Resources */ = {
			isa = PBXResourcesBuildPhase;
			buildActionMask = 2147483647;
			files = (
			);
			runOnlyForDeploymentPostprocessing = 0;
		};
		7113DAAA2EAA782F0082B17F /* Resources */ = {
			isa = PBXResourcesBuildPhase;
			buildActionMask = 2147483647;
			files = (
			);
			runOnlyForDeploymentPostprocessing = 0;
		};
		7113DAB42EAA782F0082B17F /* Resources */ = {
			isa = PBXResourcesBuildPhase;
			buildActionMask = 2147483647;
			files = (
			);
			runOnlyForDeploymentPostprocessing = 0;
		};
/* End PBXResourcesBuildPhase section */

/* Begin PBXSourcesBuildPhase section */
		7113DA9B2EAA782D0082B17F /* Sources */ = {
			isa = PBXSourcesBuildPhase;
			buildActionMask = 2147483647;
			files = (
			);
			runOnlyForDeploymentPostprocessing = 0;
		};
		7113DAA82EAA782F0082B17F /* Sources */ = {
			isa = PBXSourcesBuildPhase;
			buildActionMask = 2147483647;
			files = (
			);
			runOnlyForDeploymentPostprocessing = 0;
		};
		7113DAB22EAA782F0082B17F /* Sources */ = {
			isa = PBXSourcesBuildPhase;
			buildActionMask = 2147483647;
			files = (
			);
			runOnlyForDeploymentPostprocessing = 0;
		};
/* End PBXSourcesBuildPhase section */

/* Begin PBXTargetDependency section */
		7113DAAE2EAA782F0082B17F /* PBXTargetDependency */ = {
			isa = PBXTargetDependency;
			target = 7113DA9E2EAA782D0082B17F /* KidsTrack */;
			targetProxy = 7113DAAD2EAA782F0082B17F /* PBXContainerItemProxy */;
		};
		7113DAB82EAA782F0082B17F /* PBXTargetDependency */ = {
			isa = PBXTargetDependency;
			target = 7113DA9E2EAA782D0082B17F /* KidsTrack */;
			targetProxy = 7113DAB72EAA782F0082B17F /* PBXContainerItemProxy */;
		};
/* End PBXTargetDependency section */

/* Begin XCBuildConfiguration section */
		7113DABE2EAA782F0082B17F /* Debug */ = {
			isa = XCBuildConfiguration;
			buildSettings = {
				ALWAYS_SEARCH_USER_PATHS = NO;
				ASSETCATALOG_COMPILER_GENERATE_SWIFT_ASSET_SYMBOL_EXTENSIONS = YES;
				CLANG_ANALYZER_NONNULL = YES;
				CLANG_ANALYZER_NUMBER_OBJECT_CONVERSION = YES_AGGRESSIVE;
				CLANG_CXX_LANGUAGE_STANDARD = "gnu++20";
				CLANG_ENABLE_MODULES = YES;
				CLANG_ENABLE_OBJC_ARC = YES;
				CLANG_ENABLE_OBJC_WEAK = YES;
				CLANG_WARN_BLOCK_CAPTURE_AUTORELEASING = YES;
				CLANG_WARN_BOOL_CONVERSION = YES;
				CLANG_WARN_COMMA = YES;
				CLANG_WARN_CONSTANT_CONVERSION = YES;
				CLANG_WARN_DEPRECATED_OBJC_IMPLEMENTATIONS = YES;
				CLANG_WARN_DIRECT_OBJC_ISA_USAGE = YES_ERROR;
				CLANG_WARN_DOCUMENTATION_COMMENTS = YES;
				CLANG_WARN_EMPTY_BODY = YES;
				CLANG_WARN_ENUM_CONVERSION = YES;
				CLANG_WARN_INFINITE_RECURSION = YES;
				CLANG_WARN_INT_CONVERSION = YES;
				CLANG_WARN_NON_LITERAL_NULL_CONVERSION = YES;
				CLANG_WARN_OBJC_IMPLICIT_RETAIN_SELF = YES;
				CLANG_WARN_OBJC_LITERAL_CONVERSION = YES;
				CLANG_WARN_OBJC_ROOT_CLASS = YES_ERROR;
				CLANG_WARN_QUOTED_INCLUDE_IN_FRAMEWORK_HEADER = YES;
				CLANG_WARN_RANGE_LOOP_ANALYSIS = YES;
				CLANG_WARN_STRICT_PROTOTYPES = YES;
				CLANG_WARN_SUSPICIOUS_MOVE = YES;
				CLANG_WARN_UNGUARDED_AVAILABILITY = YES_AGGRESSIVE;
				CLANG_WARN_UNREACHABLE_CODE = YES;
				CLANG_WARN__DUPLICATE_METHOD_MATCH = YES;
				COPY_PHASE_STRIP = NO;
				DEBUG_INFORMATION_FORMAT = dwarf;
				DEVELOPMENT_TEAM = JG82ZU7NLT;
				ENABLE_STRICT_OBJC_MSGSEND = YES;
				ENABLE_TESTABILITY = YES;
				ENABLE_USER_SCRIPT_SANDBOXING = YES;
				GCC_C_LANGUAGE_STANDARD = gnu17;
				GCC_DYNAMIC_NO_PIC = NO;
				GCC_NO_COMMON_BLOCKS = YES;
				GCC_OPTIMIZATION_LEVEL = 0;
				GCC_PREPROCESSOR_DEFINITIONS = (
					"DEBUG=1",
					"$(inherited)",
				);
				GCC_WARN_64_TO_32_BIT_CONVERSION = YES;
				GCC_WARN_ABOUT_RETURN_TYPE = YES_ERROR;
				GCC_WARN_UNDECLARED_SELECTOR = YES;
				GCC_WARN_UNINITIALIZED_AUTOS = YES_AGGRESSIVE;
				GCC_WARN_UNUSED_FUNCTION = YES;
				GCC_WARN_UNUSED_VARIABLE = YES;
				IPHONEOS_DEPLOYMENT_TARGET = 26.0;
				LOCALIZATION_PREFERS_STRING_CATALOGS = YES;
				MTL_ENABLE_DEBUG_INFO = INCLUDE_SOURCE;
				MTL_FAST_MATH = YES;
				ONLY_ACTIVE_ARCH = YES;
				SDKROOT = iphoneos;
				SWIFT_ACTIVE_COMPILATION_CONDITIONS = "DEBUG $(inherited)";
				SWIFT_OPTIMIZATION_LEVEL = "-Onone";
			};
			name = Debug;
		};
		7113DABF2EAA782F0082B17F /* Release */ = {
			isa = XCBuildConfiguration;
			buildSettings = {
				ALWAYS_SEARCH_USER_PATHS = NO;
				ASSETCATALOG_COMPILER_GENERATE_SWIFT_ASSET_SYMBOL_EXTENSIONS = YES;
				CLANG_ANALYZER_NONNULL = YES;
				CLANG_ANALYZER_NUMBER_OBJECT_CONVERSION = YES_AGGRESSIVE;
				CLANG_CXX_LANGUAGE_STANDARD = "gnu++20";
				CLANG_ENABLE_MODULES = YES;
				CLANG_ENABLE_OBJC_ARC = YES;
				CLANG_ENABLE_OBJC_WEAK = YES;
				CLANG_WARN_BLOCK_CAPTURE_AUTORELEASING = YES;
				CLANG_WARN_BOOL_CONVERSION = YES;
				CLANG_WARN_COMMA = YES;
				CLANG_WARN_CONSTANT_CONVERSION = YES;
				CLANG_WARN_DEPRECATED_OBJC_IMPLEMENTATIONS = YES;
				CLANG_WARN_DIRECT_OBJC_ISA_USAGE = YES_ERROR;
				CLANG_WARN_DOCUMENTATION_COMMENTS = YES;
				CLANG_WARN_EMPTY_BODY = YES;
				CLANG_WARN_ENUM_CONVERSION = YES;
				CLANG_WARN_INFINITE_RECURSION = YES;
				CLANG_WARN_INT_CONVERSION = YES;
				CLANG_WARN_NON_LITERAL_NULL_CONVERSION = YES;
				CLANG_WARN_OBJC_IMPLICIT_RETAIN_SELF = YES;
				CLANG_WARN_OBJC_LITERAL_CONVERSION = YES;
				CLANG_WARN_OBJC_ROOT_CLASS = YES_ERROR;
				CLANG_WARN_QUOTED_INCLUDE_IN_FRAMEWORK_HEADER = YES;
				CLANG_WARN_RANGE_LOOP_ANALYSIS = YES;
				CLANG_WARN_STRICT_PROTOTYPES = YES;
				CLANG_WARN_SUSPICIOUS_MOVE = YES;
				CLANG_WARN_UNGUARDED_AVAILABILITY = YES_AGGRESSIVE;
				CLANG_WARN_UNREACHABLE_CODE = YES;
				CLANG_WARN__DUPLICATE_METHOD_MATCH = YES;
				COPY_PHASE_STRIP = NO;
				DEBUG_INFORMATION_FORMAT = "dwarf-with-dsym";
				DEVELOPMENT_TEAM = JG82ZU7NLT;
				ENABLE_NS_ASSERTIONS = NO;
				ENABLE_STRICT_OBJC_MSGSEND = YES;
				ENABLE_USER_SCRIPT_SANDBOXING = YES;
				GCC_C_LANGUAGE_STANDARD = gnu17;
				GCC_NO_COMMON_BLOCKS = YES;
				GCC_WARN_64_TO_32_BIT_CONVERSION = YES;
				GCC_WARN_ABOUT_RETURN_TYPE = YES_ERROR;
				GCC_WARN_UNDECLARED_SELECTOR = YES;
				GCC_WARN_UNINITIALIZED_AUTOS = YES_AGGRESSIVE;
				GCC_WARN_UNUSED_FUNCTION = YES;
				GCC_WARN_UNUSED_VARIABLE = YES;
				IPHONEOS_DEPLOYMENT_TARGET = 26.0;
				LOCALIZATION_PREFERS_STRING_CATALOGS = YES;
				MTL_ENABLE_DEBUG_INFO = NO;
				MTL_FAST_MATH = YES;
				SDKROOT = iphoneos;
				SWIFT_COMPILATION_MODE = wholemodule;
				VALIDATE_PRODUCT = YES;
			};
			name = Release;
		};
		7113DAC12EAA782F0082B17F /* Debug */ = {
			isa = XCBuildConfiguration;
			buildSettings = {
				ASSETCATALOG_COMPILER_APPICON_NAME = AppIcon;
				ASSETCATALOG_COMPILER_GLOBAL_ACCENT_COLOR_NAME = AccentColor;
				CODE_SIGN_STYLE = Automatic;
				CURRENT_PROJECT_VERSION = 1;
				DEVELOPMENT_TEAM = JG82ZU7NLT;
				ENABLE_PREVIEWS = YES;
				GENERATE_INFOPLIST_FILE = YES;
				INFOPLIST_FILE = KidsTrack/Info.plist;
				INFOPLIST_KEY_UIApplicationSceneManifest_Generation = YES;
				INFOPLIST_KEY_UIApplicationSupportsIndirectInputEvents = YES;
				INFOPLIST_KEY_UILaunchScreen_Generation = YES;
				INFOPLIST_KEY_UIStatusBarStyle = "";
				INFOPLIST_KEY_UISupportedInterfaceOrientations_iPad = "UIInterfaceOrientationPortrait UIInterfaceOrientationPortraitUpsideDown UIInterfaceOrientationLandscapeLeft UIInterfaceOrientationLandscapeRight";
				INFOPLIST_KEY_UISupportedInterfaceOrientations_iPhone = "UIInterfaceOrientationPortrait UIInterfaceOrientationLandscapeLeft UIInterfaceOrientationLandscapeRight";
				LD_RUNPATH_SEARCH_PATHS = (
					"$(inherited)",
					"@executable_path/Frameworks",
				);
				MARKETING_VERSION = 1.0;
				PRODUCT_BUNDLE_IDENTIFIER = com.npescador.KidsTrack;
				PRODUCT_NAME = "$(TARGET_NAME)";
				STRING_CATALOG_GENERATE_SYMBOLS = YES;
				SWIFT_APPROACHABLE_CONCURRENCY = YES;
				SWIFT_DEFAULT_ACTOR_ISOLATION = MainActor;
				SWIFT_EMIT_LOC_STRINGS = YES;
				SWIFT_UPCOMING_FEATURE_MEMBER_IMPORT_VISIBILITY = YES;
				SWIFT_VERSION = 5.0;
				TARGETED_DEVICE_FAMILY = "1,2";
			};
			name = Debug;
		};
		7113DAC22EAA782F0082B17F /* Release */ = {
			isa = XCBuildConfiguration;
			buildSettings = {
				ASSETCATALOG_COMPILER_APPICON_NAME = AppIcon;
				ASSETCATALOG_COMPILER_GLOBAL_ACCENT_COLOR_NAME = AccentColor;
				CODE_SIGN_STYLE = Automatic;
				CURRENT_PROJECT_VERSION = 1;
				DEVELOPMENT_TEAM = JG82ZU7NLT;
				ENABLE_PREVIEWS = YES;
				GENERATE_INFOPLIST_FILE = YES;
				INFOPLIST_FILE = KidsTrack/Info.plist;
				INFOPLIST_KEY_UIApplicationSceneManifest_Generation = YES;
				INFOPLIST_KEY_UIApplicationSupportsIndirectInputEvents = YES;
				INFOPLIST_KEY_UILaunchScreen_Generation = YES;
				INFOPLIST_KEY_UIStatusBarStyle = "";
				INFOPLIST_KEY_UISupportedInterfaceOrientations_iPad = "UIInterfaceOrientationPortrait UIInterfaceOrientationPortraitUpsideDown UIInterfaceOrientationLandscapeLeft UIInterfaceOrientationLandscapeRight";
				INFOPLIST_KEY_UISupportedInterfaceOrientations_iPhone = "UIInterfaceOrientationPortrait UIInterfaceOrientationLandscapeLeft UIInterfaceOrientationLandscapeRight";
				LD_RUNPATH_SEARCH_PATHS = (
					"$(inherited)",
					"@executable_path/Frameworks",
				);
				MARKETING_VERSION = 1.0;
				PRODUCT_BUNDLE_IDENTIFIER = com.npescador.KidsTrack;
				PRODUCT_NAME = "$(TARGET_NAME)";
				STRING_CATALOG_GENERATE_SYMBOLS = YES;
				SWIFT_APPROACHABLE_CONCURRENCY = YES;
				SWIFT_DEFAULT_ACTOR_ISOLATION = MainActor;
				SWIFT_EMIT_LOC_STRINGS = YES;
				SWIFT_UPCOMING_FEATURE_MEMBER_IMPORT_VISIBILITY = YES;
				SWIFT_VERSION = 5.0;
				TARGETED_DEVICE_FAMILY = "1,2";
			};
			name = Release;
		};
		7113DAC42EAA782F0082B17F /* Debug */ = {
			isa = XCBuildConfiguration;
			buildSettings = {
				BUNDLE_LOADER = "$(TEST_HOST)";
				CODE_SIGN_STYLE = Automatic;
				CURRENT_PROJECT_VERSION = 1;
				DEVELOPMENT_TEAM = JG82ZU7NLT;
				GENERATE_INFOPLIST_FILE = YES;
				IPHONEOS_DEPLOYMENT_TARGET = 26.0;
				MARKETING_VERSION = 1.0;
				PRODUCT_BUNDLE_IDENTIFIER = com.npescador.KidsTrackTests;
				PRODUCT_NAME = "$(TARGET_NAME)";
				STRING_CATALOG_GENERATE_SYMBOLS = NO;
				SWIFT_APPROACHABLE_CONCURRENCY = YES;
				SWIFT_EMIT_LOC_STRINGS = NO;
				SWIFT_UPCOMING_FEATURE_MEMBER_IMPORT_VISIBILITY = YES;
				SWIFT_VERSION = 5.0;
				TARGETED_DEVICE_FAMILY = "1,2";
				TEST_HOST = "$(BUILT_PRODUCTS_DIR)/KidsTrack.app/$(BUNDLE_EXECUTABLE_FOLDER_PATH)/KidsTrack";
			};
			name = Debug;
		};
		7113DAC52EAA782F0082B17F /* Release */ = {
			isa = XCBuildConfiguration;
			buildSettings = {
				BUNDLE_LOADER = "$(TEST_HOST)";
				CODE_SIGN_STYLE = Automatic;
				CURRENT_PROJECT_VERSION = 1;
				DEVELOPMENT_TEAM = JG82ZU7NLT;
				GENERATE_INFOPLIST_FILE = YES;
				IPHONEOS_DEPLOYMENT_TARGET = 26.0;
				MARKETING_VERSION = 1.0;
				PRODUCT_BUNDLE_IDENTIFIER = com.npescador.KidsTrackTests;
				PRODUCT_NAME = "$(TARGET_NAME)";
				STRING_CATALOG_GENERATE_SYMBOLS = NO;
				SWIFT_APPROACHABLE_CONCURRENCY = YES;
				SWIFT_EMIT_LOC_STRINGS = NO;
				SWIFT_UPCOMING_FEATURE_MEMBER_IMPORT_VISIBILITY = YES;
				SWIFT_VERSION = 5.0;
				TARGETED_DEVICE_FAMILY = "1,2";
				TEST_HOST = "$(BUILT_PRODUCTS_DIR)/KidsTrack.app/$(BUNDLE_EXECUTABLE_FOLDER_PATH)/KidsTrack";
			};
			name = Release;
		};
		7113DAC72EAA782F0082B17F /* Debug */ = {
			isa = XCBuildConfiguration;
			buildSettings = {
				CODE_SIGN_STYLE = Automatic;
				CURRENT_PROJECT_VERSION = 1;
				DEVELOPMENT_TEAM = JG82ZU7NLT;
				GENERATE_INFOPLIST_FILE = YES;
				MARKETING_VERSION = 1.0;
				PRODUCT_BUNDLE_IDENTIFIER = com.npescador.KidsTrackUITests;
				PRODUCT_NAME = "$(TARGET_NAME)";
				STRING_CATALOG_GENERATE_SYMBOLS = NO;
				SWIFT_APPROACHABLE_CONCURRENCY = YES;
				SWIFT_EMIT_LOC_STRINGS = NO;
				SWIFT_UPCOMING_FEATURE_MEMBER_IMPORT_VISIBILITY = YES;
				SWIFT_VERSION = 5.0;
				TARGETED_DEVICE_FAMILY = "1,2";
				TEST_TARGET_NAME = KidsTrack;
			};
			name = Debug;
		};
		7113DAC82EAA782F0082B17F /* Release */ = {
			isa = XCBuildConfiguration;
			buildSettings = {
				CODE_SIGN_STYLE = Automatic;
				CURRENT_PROJECT_VERSION = 1;
				DEVELOPMENT_TEAM = JG82ZU7NLT;
				GENERATE_INFOPLIST_FILE = YES;
				MARKETING_VERSION = 1.0;
				PRODUCT_BUNDLE_IDENTIFIER = com.npescador.KidsTrackUITests;
				PRODUCT_NAME = "$(TARGET_NAME)";
				STRING_CATALOG_GENERATE_SYMBOLS = NO;
				SWIFT_APPROACHABLE_CONCURRENCY = YES;
				SWIFT_EMIT_LOC_STRINGS = NO;
				SWIFT_UPCOMING_FEATURE_MEMBER_IMPORT_VISIBILITY = YES;
				SWIFT_VERSION = 5.0;
				TARGETED_DEVICE_FAMILY = "1,2";
				TEST_TARGET_NAME = KidsTrack;
			};
			name = Release;
		};
/* End XCBuildConfiguration section */

/* Begin XCConfigurationList section */
		7113DA9A2EAA782D0082B17F /* Build configuration list for PBXProject "KidsTrack" */ = {
			isa = XCConfigurationList;
			buildConfigurations = (
				7113DABE2EAA782F0082B17F /* Debug */,
				7113DABF2EAA782F0082B17F /* Release */,
			);
			defaultConfigurationIsVisible = 0;
			defaultConfigurationName = Release;
		};
		7113DAC02EAA782F0082B17F /* Build configuration list for PBXNativeTarget "KidsTrack" */ = {
			isa = XCConfigurationList;
			buildConfigurations = (
				7113DAC12EAA782F0082B17F /* Debug */,
				7113DAC22EAA782F0082B17F /* Release */,
			);
			defaultConfigurationIsVisible = 0;
			defaultConfigurationName = Release;
		};
		7113DAC32EAA782F0082B17F /* Build configuration list for PBXNativeTarget "KidsTrackTests" */ = {
			isa = XCConfigurationList;
			buildConfigurations = (
				7113DAC42EAA782F0082B17F /* Debug */,
				7113DAC52EAA782F0082B17F /* Release */,
			);
			defaultConfigurationIsVisible = 0;
			defaultConfigurationName = Release;
		};
		7113DAC62EAA782F0082B17F /* Build configuration list for PBXNativeTarget "KidsTrackUITests" */ = {
			isa = XCConfigurationList;
			buildConfigurations = (
				7113DAC72EAA782F0082B17F /* Debug */,
				7113DAC82EAA782F0082B17F /* Release */,
			);
			defaultConfigurationIsVisible = 0;
			defaultConfigurationName = Release;
		};
/* End XCConfigurationList section */

/* Begin XCSwiftPackageProductDependency section */
		7185565D2EB0CDCD00C1348A /* Presentation */ = {
			isa = XCSwiftPackageProductDependency;
			productName = Presentation;
		};
		718556602EB0CE1600C1348A /* Data */ = {
			isa = XCSwiftPackageProductDependency;
			productName = Data;
		};
		718556632EB0CE5800C1348A /* Domain */ = {
			isa = XCSwiftPackageProductDependency;
			productName = Domain;
		};
		718556662EB0CF2D00C1348A /* Shared */ = {
			isa = XCSwiftPackageProductDependency;
			productName = Shared;
		};
/* End XCSwiftPackageProductDependency section */
	};
	rootObject = 7113DA972EAA782D0082B17F /* Project object */;
}
